
Microsoft Visual Studio Solution File, Format Version 12.00
# Visual Studio Version 17
VisualStudioVersion = 17.7.34202.233
MinimumVisualStudioVersion = 10.0.40219.1
Project("{FAE04EC0-301F-11D3-BF4B-00C04F79EFBC}") = "RecuperacaoPO2", "RecuperacaoPO2\RecuperacaoPO2.csproj", "{4CD6C709-785B-4A5D-A58E-62217E81D483}"
EndProject
Global
	GlobalSection(SolutionConfigurationPlatforms) = preSolution
		Debug|Any CPU = Debug|Any CPU
		Release|Any CPU = Release|Any CPU
	EndGlobalSection
	GlobalSection(ProjectConfigurationPlatforms) = postSolution
		{4CD6C709-785B-4A5D-A58E-62217E81D483}.Debug|Any CPU.ActiveCfg = Debug|Any CPU
		{4CD6C709-785B-4A5D-A58E-62217E81D483}.Debug|Any CPU.Build.0 = Debug|Any CPU
		{4CD6C709-785B-4A5D-A58E-62217E81D483}.Release|Any CPU.ActiveCfg = Release|Any CPU
		{4CD6C709-785B-4A5D-A58E-62217E81D483}.Release|Any CPU.Build.0 = Release|Any CPU
	EndGlobalSection
	GlobalSection(SolutionProperties) = preSolution
		HideSolutionNode = FALSE
	EndGlobalSection
	GlobalSection(ExtensibilityGlobals) = postSolution
		SolutionGuid = {5AECA935-CC0B-4B2B-B862-99BAE3BAE1CA}
	EndGlobalSection
EndGlobal
